
Microsoft Visual Studio Solution File, Format Version 12.00
# Visual Studio 2013
VisualStudioVersion = 12.0.30723.0
MinimumVisualStudioVersion = 10.0.40219.1
Project("{88A30576-7583-4F75-8136-5EFD2C14ADFF}") = "CrmPackage", "CrmPackage\CrmPackage.csproj", "{AC9ED90E-480F-46FE-925A-9DD54E431741}"
	ProjectSection(ProjectDependencies) = postProject
		{97803114-DE40-46FD-981C-076EDB13B860} = {97803114-DE40-46FD-981C-076EDB13B860}
	EndProjectSection
EndProject
Project("{FAE04EC0-301F-11D3-BF4B-00C04F79EFBC}") = "CrmChartMapPlugin", "CrmChartMapPlugin\CrmChartMapPlugin.csproj", "{97803114-DE40-46FD-981C-076EDB13B860}"
EndProject
Global
	GlobalSection(TeamFoundationVersionControl) = preSolution
		SccNumberOfProjects = 3
		SccEnterpriseProvider = {4CA58AB2-18FA-4F8D-95D4-32DDF27D184C}
		SccTeamFoundationServer = https://tfs.codeplex.com/tfs/tfs15
		SccLocalPath0 = .
		SccProjectUniqueName1 = CrmPackage\\CrmPackage.csproj
		SccProjectName1 = CrmPackage
		SccLocalPath1 = CrmPackage
		SccProjectUniqueName2 = CrmChartMapPlugin\\CrmChartMapPlugin.csproj
		SccProjectName2 = CrmChartMapPlugin
		SccLocalPath2 = CrmChartMapPlugin
	EndGlobalSection
	GlobalSection(SolutionConfigurationPlatforms) = preSolution
		Debug|Any CPU = Debug|Any CPU
		Release|Any CPU = Release|Any CPU
	EndGlobalSection
	GlobalSection(ProjectConfigurationPlatforms) = postSolution
		{AC9ED90E-480F-46FE-925A-9DD54E431741}.Debug|Any CPU.ActiveCfg = Debug|Any CPU
		{AC9ED90E-480F-46FE-925A-9DD54E431741}.Debug|Any CPU.Build.0 = Debug|Any CPU
		{AC9ED90E-480F-46FE-925A-9DD54E431741}.Debug|Any CPU.Deploy.0 = Debug|Any CPU
		{AC9ED90E-480F-46FE-925A-9DD54E431741}.Release|Any CPU.ActiveCfg = Release|Any CPU
		{AC9ED90E-480F-46FE-925A-9DD54E431741}.Release|Any CPU.Build.0 = Release|Any CPU
		{AC9ED90E-480F-46FE-925A-9DD54E431741}.Release|Any CPU.Deploy.0 = Release|Any CPU
		{97803114-DE40-46FD-981C-076EDB13B860}.Debug|Any CPU.ActiveCfg = Debug|Any CPU
		{97803114-DE40-46FD-981C-076EDB13B860}.Debug|Any CPU.Build.0 = Debug|Any CPU
		{97803114-DE40-46FD-981C-076EDB13B860}.Release|Any CPU.ActiveCfg = Release|Any CPU
		{97803114-DE40-46FD-981C-076EDB13B860}.Release|Any CPU.Build.0 = Release|Any CPU
	EndGlobalSection
	GlobalSection(SolutionProperties) = preSolution
		HideSolutionNode = FALSE
	EndGlobalSection
EndGlobal
